
Microsoft Visual Studio Solution File, Format Version 12.00
# Visual Studio Version 16
VisualStudioVersion = 16.0.809.8
MinimumVisualStudioVersion = 10.0.40219.1
Project("{FAE04EC0-301F-11D3-BF4B-00C04F79EFBC}") = "SocialMedia.API", "SocialMedia.API\SocialMedia.API.csproj", "{670537E1-0078-4FD4-9D1B-4D733A43AE83}"
EndProject
Project("{FAE04EC0-301F-11D3-BF4B-00C04F79EFBC}") = "SocialMedia.Core", "SocialMedia.Core\SocialMedia.Core.csproj", "{0A4EF187-4AF2-4075-BE04-FF0DD43B02D1}"
EndProject
Project("{FAE04EC0-301F-11D3-BF4B-00C04F79EFBC}") = "SocialMedia.Infrastructure", "SocialMedia.Infrastructure\SocialMedia.Infrastructure.csproj", "{0339423A-84E3-49F4-8E0F-CB27D9017EF3}"
EndProject
Project("{2150E333-8FDC-42A3-9474-1A3956D46DE8}") = "Test", "Test", "{88977978-362A-4245-B4DE-8FDADA04BB40}"
EndProject
Project("{FAE04EC0-301F-11D3-BF4B-00C04F79EFBC}") = "SocialMedia.UnitTests", "SocialMedia.UnitTests\SocialMedia.UnitTests.csproj", "{8CCF562F-6D73-4A15-B97F-4A27277600E4}"
EndProject
Project("{FAE04EC0-301F-11D3-BF4B-00C04F79EFBC}") = "SocialMedia.IntegrationTests", "SocialMedia.UnitTests\SocialMedia.IntegrationTests\SocialMedia.IntegrationTests.csproj", "{6CAE3064-3001-4985-A01B-0CD2BD3FDDEC}"
EndProject
Global
	GlobalSection(SolutionConfigurationPlatforms) = preSolution
		Debug|Any CPU = Debug|Any CPU
		Release|Any CPU = Release|Any CPU
	EndGlobalSection
	GlobalSection(ProjectConfigurationPlatforms) = postSolution
		{670537E1-0078-4FD4-9D1B-4D733A43AE83}.Debug|Any CPU.ActiveCfg = Debug|Any CPU
		{670537E1-0078-4FD4-9D1B-4D733A43AE83}.Debug|Any CPU.Build.0 = Debug|Any CPU
		{670537E1-0078-4FD4-9D1B-4D733A43AE83}.Release|Any CPU.ActiveCfg = Release|Any CPU
		{670537E1-0078-4FD4-9D1B-4D733A43AE83}.Release|Any CPU.Build.0 = Release|Any CPU
		{0A4EF187-4AF2-4075-BE04-FF0DD43B02D1}.Debug|Any CPU.ActiveCfg = Debug|Any CPU
		{0A4EF187-4AF2-4075-BE04-FF0DD43B02D1}.Debug|Any CPU.Build.0 = Debug|Any CPU
		{0A4EF187-4AF2-4075-BE04-FF0DD43B02D1}.Release|Any CPU.ActiveCfg = Release|Any CPU
		{0A4EF187-4AF2-4075-BE04-FF0DD43B02D1}.Release|Any CPU.Build.0 = Release|Any CPU
		{0339423A-84E3-49F4-8E0F-CB27D9017EF3}.Debug|Any CPU.ActiveCfg = Debug|Any CPU
		{0339423A-84E3-49F4-8E0F-CB27D9017EF3}.Debug|Any CPU.Build.0 = Debug|Any CPU
		{0339423A-84E3-49F4-8E0F-CB27D9017EF3}.Release|Any CPU.ActiveCfg = Release|Any CPU
		{0339423A-84E3-49F4-8E0F-CB27D9017EF3}.Release|Any CPU.Build.0 = Release|Any CPU
		{8CCF562F-6D73-4A15-B97F-4A27277600E4}.Debug|Any CPU.ActiveCfg = Debug|Any CPU
		{8CCF562F-6D73-4A15-B97F-4A27277600E4}.Debug|Any CPU.Build.0 = Debug|Any CPU
		{8CCF562F-6D73-4A15-B97F-4A27277600E4}.Release|Any CPU.ActiveCfg = Release|Any CPU
		{8CCF562F-6D73-4A15-B97F-4A27277600E4}.Release|Any CPU.Build.0 = Release|Any CPU
		{6CAE3064-3001-4985-A01B-0CD2BD3FDDEC}.Debug|Any CPU.ActiveCfg = Debug|Any CPU
		{6CAE3064-3001-4985-A01B-0CD2BD3FDDEC}.Debug|Any CPU.Build.0 = Debug|Any CPU
		{6CAE3064-3001-4985-A01B-0CD2BD3FDDEC}.Release|Any CPU.ActiveCfg = Release|Any CPU
		{6CAE3064-3001-4985-A01B-0CD2BD3FDDEC}.Release|Any CPU.Build.0 = Release|Any CPU
	EndGlobalSection
	GlobalSection(SolutionProperties) = preSolution
		HideSolutionNode = FALSE
	EndGlobalSection
	GlobalSection(ExtensibilityGlobals) = postSolution
		SolutionGuid = {0FC066FA-BA73-4206-B389-22EB12575B18}
	EndGlobalSection
	GlobalSection(NestedProjects) = preSolution
		{8CCF562F-6D73-4A15-B97F-4A27277600E4} = {88977978-362A-4245-B4DE-8FDADA04BB40}
		{6CAE3064-3001-4985-A01B-0CD2BD3FDDEC} = {88977978-362A-4245-B4DE-8FDADA04BB40}
	EndGlobalSection
EndGlobal
